
Microsoft Visual Studio Solution File, Format Version 12.00
# Visual Studio Version 16
VisualStudioVersion = 16.0.30804.86
MinimumVisualStudioVersion = 10.0.40219.1
Project("{9A19103F-16F7-4668-BE54-9A1E7A4F7556}") = "KampIntro", "KampIntro\KampIntro.csproj", "{A4940BD5-7057-4AB0-81A8-BD689B9FB6F1}"
EndProject
Project("{9A19103F-16F7-4668-BE54-9A1E7A4F7556}") = "Donguler", "Donguler\Donguler.csproj", "{3F2129E8-BD3F-4B99-B960-E8449D690464}"
EndProject
Project("{9A19103F-16F7-4668-BE54-9A1E7A4F7556}") = "Classintro", "Classintro\Classintro.csproj", "{AC542632-1D55-4397-8E8B-3329696F1DCD}"
EndProject
Project("{9A19103F-16F7-4668-BE54-9A1E7A4F7556}") = "Metotlar", "Metotlar\Metotlar.csproj", "{A4E317CA-8D3E-4EB6-AB19-3CAF9EC3E67D}"
EndProject
Project("{9A19103F-16F7-4668-BE54-9A1E7A4F7556}") = "Matematik", "Matematik\Matematik.csproj", "{2623C526-3A62-4344-B21B-8E1C9B424FE4}"
EndProject
Project("{9A19103F-16F7-4668-BE54-9A1E7A4F7556}") = "DegerVeReferansTipler", "DegerVeReferansTipler\DegerVeReferansTipler.csproj", "{79BCAC6D-F35E-4DA6-99C4-ED49D872C2C6}"
EndProject
Global
	GlobalSection(SolutionConfigurationPlatforms) = preSolution
		Debug|Any CPU = Debug|Any CPU
		Release|Any CPU = Release|Any CPU
	EndGlobalSection
	GlobalSection(ProjectConfigurationPlatforms) = postSolution
		{A4940BD5-7057-4AB0-81A8-BD689B9FB6F1}.Debug|Any CPU.ActiveCfg = Debug|Any CPU
		{A4940BD5-7057-4AB0-81A8-BD689B9FB6F1}.Debug|Any CPU.Build.0 = Debug|Any CPU
		{A4940BD5-7057-4AB0-81A8-BD689B9FB6F1}.Release|Any CPU.ActiveCfg = Release|Any CPU
		{A4940BD5-7057-4AB0-81A8-BD689B9FB6F1}.Release|Any CPU.Build.0 = Release|Any CPU
		{3F2129E8-BD3F-4B99-B960-E8449D690464}.Debug|Any CPU.ActiveCfg = Debug|Any CPU
		{3F2129E8-BD3F-4B99-B960-E8449D690464}.Debug|Any CPU.Build.0 = Debug|Any CPU
		{3F2129E8-BD3F-4B99-B960-E8449D690464}.Release|Any CPU.ActiveCfg = Release|Any CPU
		{3F2129E8-BD3F-4B99-B960-E8449D690464}.Release|Any CPU.Build.0 = Release|Any CPU
		{AC542632-1D55-4397-8E8B-3329696F1DCD}.Debug|Any CPU.ActiveCfg = Debug|Any CPU
		{AC542632-1D55-4397-8E8B-3329696F1DCD}.Debug|Any CPU.Build.0 = Debug|Any CPU
		{AC542632-1D55-4397-8E8B-3329696F1DCD}.Release|Any CPU.ActiveCfg = Release|Any CPU
		{AC542632-1D55-4397-8E8B-3329696F1DCD}.Release|Any CPU.Build.0 = Release|Any CPU
		{A4E317CA-8D3E-4EB6-AB19-3CAF9EC3E67D}.Debug|Any CPU.ActiveCfg = Debug|Any CPU
		{A4E317CA-8D3E-4EB6-AB19-3CAF9EC3E67D}.Debug|Any CPU.Build.0 = Debug|Any CPU
		{A4E317CA-8D3E-4EB6-AB19-3CAF9EC3E67D}.Release|Any CPU.ActiveCfg = Release|Any CPU
		{A4E317CA-8D3E-4EB6-AB19-3CAF9EC3E67D}.Release|Any CPU.Build.0 = Release|Any CPU
		{2623C526-3A62-4344-B21B-8E1C9B424FE4}.Debug|Any CPU.ActiveCfg = Debug|Any CPU
		{2623C526-3A62-4344-B21B-8E1C9B424FE4}.Debug|Any CPU.Build.0 = Debug|Any CPU
		{2623C526-3A62-4344-B21B-8E1C9B424FE4}.Release|Any CPU.ActiveCfg = Release|Any CPU
		{2623C526-3A62-4344-B21B-8E1C9B424FE4}.Release|Any CPU.Build.0 = Release|Any CPU
		{79BCAC6D-F35E-4DA6-99C4-ED49D872C2C6}.Debug|Any CPU.ActiveCfg = Debug|Any CPU
		{79BCAC6D-F35E-4DA6-99C4-ED49D872C2C6}.Debug|Any CPU.Build.0 = Debug|Any CPU
		{79BCAC6D-F35E-4DA6-99C4-ED49D872C2C6}.Release|Any CPU.ActiveCfg = Release|Any CPU
		{79BCAC6D-F35E-4DA6-99C4-ED49D872C2C6}.Release|Any CPU.Build.0 = Release|Any CPU
	EndGlobalSection
	GlobalSection(SolutionProperties) = preSolution
		HideSolutionNode = FALSE
	EndGlobalSection
	GlobalSection(ExtensibilityGlobals) = postSolution
		SolutionGuid = {B77BFD56-13C7-4EEF-B0C2-54C5AB4DAF05}
	EndGlobalSection
EndGlobal
